FORGE
  remote: http://forge.puppetlabs.com
  specs:
    torrancew/account (0.0.5)

FORGE
  remote: http://forge.puppetlabs.com/
  specs:
    blom/rssh (0.0.3)
    puppetlabs/apt (1.4.2)
      puppetlabs/stdlib (>= 2.2.1)
    attachmentgenie/ssh (1.1.2)
      puppetlabs/stdlib (>= 2.2.1)
    attachmentgenie/ufw (1.4.7)
      puppetlabs/stdlib (>= 2.2.1)
    blom/rssh (0.0.3)
    puppetlabs/stdlib (3.2.1)

GIT
  remote: git://github.com/alphagov/puppet-clamav.git
  ref: master
  sha: 8a60f4d537cd4e63bad0332daeabbc866f1fb7ff
  specs:
    clamav (0.0.2)
      puppetlabs/stdlib (>= 3.0.0)

GIT
  remote: git://github.com/alphagov/puppet-ext4mount.git
  ref: master
  sha: d97f99cc2801b83152b905d1285fa34e689cb499
  specs:
    ext4mount (0.0.1)

GIT
  remote: git://github.com/alphagov/puppet-gds_accounts.git
  ref: v1.0.0
  sha: 4d7cc1f4807e66377abdf96ae35445facfd97c7a
  specs:
    gds_accounts (1.0.0)
      puppetlabs/stdlib (>= 3.0.0)
      torrancew/account (= 0.0.5)

GIT
  remote: git://github.com/alphagov/puppet-harden.git
  ref: master
  sha: d21d7e4581f76321c207493f20d4992e5a78bcae
  specs:
    harden (0.0.1)

GIT
  remote: git://github.com/alphagov/puppetlabs-lvm.git
  ref: master
  sha: 2082a276093c96e67a676f0c6076c0841f918a17
  specs:
    lvm (0.1.2)

DEPENDENCIES
  clamav (>= 0)
  attachmentgenie/ssh (~> 1.1.1)
  attachmentgenie/ufw (>= 0)
  blom/rssh (>= 0)
  ext4mount (>= 0)
  gds_accounts (>= 0)
  harden (>= 0)
  lvm (>= 0)
  puppetlabs/apt (~> 1.4.2)
  blom/rssh (>= 0)
  puppetlabs/stdlib (~> 3.0)
